// !$*UTF8*$!
{
	archiveVersion = 1;
	classes = {
	};
	objectVersion = 52;
	objects = {

/* Begin PBXBuildFile section */
		644AEB1D2751C21000F9B02B /* SearchResultViewController.swift in Sources */ = {isa = PBXBuildFile; fileRef = 644AEB1C2751C21000F9B02B /* SearchResultViewController.swift */; };
		64EB881F274DFF7700970829 /* SearchResultTableViewCell.swift in Sources */ = {isa = PBXBuildFile; fileRef = 64EB881E274DFF7700970829 /* SearchResultTableViewCell.swift */; };
		81690CD82755EE83006047A3 /* Array+Extension.swift in Sources */ = {isa = PBXBuildFile; fileRef = 81690CD72755EE83006047A3 /* Array+Extension.swift */; };
		81690CDF275602B3006047A3 /* Trending.json in Resources */ = {isa = PBXBuildFile; fileRef = 81690CDA2755F4B4006047A3 /* Trending.json */; };
		81690CE0275602CB006047A3 /* TopRated.json in Resources */ = {isa = PBXBuildFile; fileRef = 81690CDB2755F555006047A3 /* TopRated.json */; };
		81690CE1275602CD006047A3 /* Upcoming.json in Resources */ = {isa = PBXBuildFile; fileRef = 81690CDC2755F591006047A3 /* Upcoming.json */; };
		81690CE2275602CF006047A3 /* NowPlaying.json in Resources */ = {isa = PBXBuildFile; fileRef = 81690CDD2755F5F1006047A3 /* NowPlaying.json */; };
		81690CE3275602D1006047A3 /* Popular.json in Resources */ = {isa = PBXBuildFile; fileRef = 81690CDE2755F64E006047A3 /* Popular.json */; };
		81690D1D2756B564006047A3 /* DetailView.swift in Sources */ = {isa = PBXBuildFile; fileRef = 81690D1C2756B563006047A3 /* DetailView.swift */; };
		81690D1F2756B9F3006047A3 /* SwiftUIViewHostingController.swift in Sources */ = {isa = PBXBuildFile; fileRef = 81690D1E2756B9F3006047A3 /* SwiftUIViewHostingController.swift */; };
		81690D2327572D51006047A3 /* MovieDbEndPoints.swift in Sources */ = {isa = PBXBuildFile; fileRef = 81690D2227572D51006047A3 /* MovieDbEndPoints.swift */; };
		81690D2527572D6D006047A3 /* MovieApiProtocol.swift in Sources */ = {isa = PBXBuildFile; fileRef = 81690D2427572D6D006047A3 /* MovieApiProtocol.swift */; };
		81690D2727572DA2006047A3 /* MovieCombineClient.swift in Sources */ = {isa = PBXBuildFile; fileRef = 81690D2627572DA2006047A3 /* MovieCombineClient.swift */; };
		81690D2927580B5C006047A3 /* ImageCache.swift in Sources */ = {isa = PBXBuildFile; fileRef = 81690D2827580B5C006047A3 /* ImageCache.swift */; };
		81690D2B27580C9F006047A3 /* ImageLoader.swift in Sources */ = {isa = PBXBuildFile; fileRef = 81690D2A27580C9F006047A3 /* ImageLoader.swift */; };
		81690D2E275811F2006047A3 /* UIImageView+Extension.swift in Sources */ = {isa = PBXBuildFile; fileRef = 81690D2D275811F2006047A3 /* UIImageView+Extension.swift */; };
		81811D97275580E7008D7DFE /* Reusable in Frameworks */ = {isa = PBXBuildFile; productRef = 81811D96275580E7008D7DFE /* Reusable */; };
		81811D9A27558C5B008D7DFE /* SearchViewModel.swift in Sources */ = {isa = PBXBuildFile; fileRef = 81811D9927558C5B008D7DFE /* SearchViewModel.swift */; };
		81811D9C27558C74008D7DFE /* HomeViewModel.swift in Sources */ = {isa = PBXBuildFile; fileRef = 81811D9B27558C74008D7DFE /* HomeViewModel.swift */; };
		81811D9E27558C87008D7DFE /* DetailViewModel.swift in Sources */ = {isa = PBXBuildFile; fileRef = 81811D9D27558C87008D7DFE /* DetailViewModel.swift */; };
		81811DA02755CCD3008D7DFE /* HomeViewModelTests.swift in Sources */ = {isa = PBXBuildFile; fileRef = 81811D9F2755CCD3008D7DFE /* HomeViewModelTests.swift */; };
		81C0A742275442A500C9AB0B /* FactoryViewController.swift in Sources */ = {isa = PBXBuildFile; fileRef = 81C0A741275442A500C9AB0B /* FactoryViewController.swift */; };
		837B4EA8258178B6003DFC67 /* AppDelegate.swift in Sources */ = {isa = PBXBuildFile; fileRef = 837B4EA7258178B6003DFC67 /* AppDelegate.swift */; };
		837B4EAA258178B6003DFC67 /* SceneDelegate.swift in Sources */ = {isa = PBXBuildFile; fileRef = 837B4EA9258178B6003DFC67 /* SceneDelegate.swift */; };
		837B4EAC258178B6003DFC67 /* HomeViewController.swift in Sources */ = {isa = PBXBuildFile; fileRef = 837B4EAB258178B6003DFC67 /* HomeViewController.swift */; };
		837B4EAF258178B6003DFC67 /* Main.storyboard in Resources */ = {isa = PBXBuildFile; fileRef = 837B4EAD258178B6003DFC67 /* Main.storyboard */; };
		837B4EB1258178B9003DFC67 /* Assets.xcassets in Resources */ = {isa = PBXBuildFile; fileRef = 837B4EB0258178B9003DFC67 /* Assets.xcassets */; };
		837B4EB4258178B9003DFC67 /* LaunchScreen.storyboard in Resources */ = {isa = PBXBuildFile; fileRef = 837B4EB2258178B9003DFC67 /* LaunchScreen.storyboard */; };
		837B4EBF258178BA003DFC67 /* MockMovieClient.swift in Sources */ = {isa = PBXBuildFile; fileRef = 837B4EBE258178BA003DFC67 /* MockMovieClient.swift */; };
		837B4ECA258178BA003DFC67 /* TheMovieDbUITests.swift in Sources */ = {isa = PBXBuildFile; fileRef = 837B4EC9258178BA003DFC67 /* TheMovieDbUITests.swift */; };
		FA2BE1562733ABCB005F31AD /* Movie.swift in Sources */ = {isa = PBXBuildFile; fileRef = FA2BE1552733ABCA005F31AD /* Movie.swift */; };
		FA2BE1582733BB3F005F31AD /* MoviesList.swift in Sources */ = {isa = PBXBuildFile; fileRef = FA2BE1572733BB3F005F31AD /* MoviesList.swift */; };
		FA2BE15A2733BC06005F31AD /* MovieClient.swift in Sources */ = {isa = PBXBuildFile; fileRef = FA2BE1592733BC06005F31AD /* MovieClient.swift */; };
		FA2BE15F273479F7005F31AD /* Kingfisher in Frameworks */ = {isa = PBXBuildFile; productRef = FA2BE15E273479F7005F31AD /* Kingfisher */; };
		FA49397027364DA500B43884 /* CategoryCollectionViewCell.swift in Sources */ = {isa = PBXBuildFile; fileRef = FA49396F27364DA500B43884 /* CategoryCollectionViewCell.swift */; };
		FA6983CE27459460007E3099 /* DetailViewController.swift in Sources */ = {isa = PBXBuildFile; fileRef = FA6983CD27459460007E3099 /* DetailViewController.swift */; };
		FACDF03D2735DBE80073FF88 /* CategoryTableViewCell.swift in Sources */ = {isa = PBXBuildFile; fileRef = FACDF03C2735DBE80073FF88 /* CategoryTableViewCell.swift */; };
		FAE02F2E2746DD330028A07C /* DetailTableViewCell.swift in Sources */ = {isa = PBXBuildFile; fileRef = FAE02F2D2746DD330028A07C /* DetailTableViewCell.swift */; };
		FAE02F32274721880028A07C /* MovieDetail.swift in Sources */ = {isa = PBXBuildFile; fileRef = FAE02F31274721880028A07C /* MovieDetail.swift */; };
/* End PBXBuildFile section */

/* Begin PBXContainerItemProxy section */
		837B4EBB258178BA003DFC67 /* PBXContainerItemProxy */ = {
			isa = PBXContainerItemProxy;
			containerPortal = 837B4E9C258178B6003DFC67 /* Project object */;
			proxyType = 1;
			remoteGlobalIDString = 837B4EA3258178B6003DFC67;
			remoteInfo = TheMovieDb;
		};
		837B4EC6258178BA003DFC67 /* PBXContainerItemProxy */ = {
			isa = PBXContainerItemProxy;
			containerPortal = 837B4E9C258178B6003DFC67 /* Project object */;
			proxyType = 1;
			remoteGlobalIDString = 837B4EA3258178B6003DFC67;
			remoteInfo = TheMovieDb;
		};
/* End PBXContainerItemProxy section */

/* Begin PBXFileReference section */
		644AEB1C2751C21000F9B02B /* SearchResultViewController.swift */ = {isa = PBXFileReference; lastKnownFileType = sourcecode.swift; path = SearchResultViewController.swift; sourceTree = "<group>"; };
		64EB881E274DFF7700970829 /* SearchResultTableViewCell.swift */ = {isa = PBXFileReference; lastKnownFileType = sourcecode.swift; path = SearchResultTableViewCell.swift; sourceTree = "<group>"; };
		81690CD72755EE83006047A3 /* Array+Extension.swift */ = {isa = PBXFileReference; lastKnownFileType = sourcecode.swift; path = "Array+Extension.swift"; sourceTree = "<group>"; };
		81690CDA2755F4B4006047A3 /* Trending.json */ = {isa = PBXFileReference; lastKnownFileType = text.json; path = Trending.json; sourceTree = "<group>"; };
		81690CDB2755F555006047A3 /* TopRated.json */ = {isa = PBXFileReference; lastKnownFileType = text.json; path = TopRated.json; sourceTree = "<group>"; };
		81690CDC2755F591006047A3 /* Upcoming.json */ = {isa = PBXFileReference; lastKnownFileType = text.json; path = Upcoming.json; sourceTree = "<group>"; };
		81690CDD2755F5F1006047A3 /* NowPlaying.json */ = {isa = PBXFileReference; lastKnownFileType = text.json; path = NowPlaying.json; sourceTree = "<group>"; };
		81690CDE2755F64E006047A3 /* Popular.json */ = {isa = PBXFileReference; lastKnownFileType = text.json; path = Popular.json; sourceTree = "<group>"; };
		81690D1C2756B563006047A3 /* DetailView.swift */ = {isa = PBXFileReference; lastKnownFileType = sourcecode.swift; path = DetailView.swift; sourceTree = "<group>"; };
		81690D1E2756B9F3006047A3 /* SwiftUIViewHostingController.swift */ = {isa = PBXFileReference; lastKnownFileType = sourcecode.swift; path = SwiftUIViewHostingController.swift; sourceTree = "<group>"; };
		81690D2227572D51006047A3 /* MovieDbEndPoints.swift */ = {isa = PBXFileReference; lastKnownFileType = sourcecode.swift; path = MovieDbEndPoints.swift; sourceTree = "<group>"; };
		81690D2427572D6D006047A3 /* MovieApiProtocol.swift */ = {isa = PBXFileReference; lastKnownFileType = sourcecode.swift; path = MovieApiProtocol.swift; sourceTree = "<group>"; };
		81690D2627572DA2006047A3 /* MovieCombineClient.swift */ = {isa = PBXFileReference; lastKnownFileType = sourcecode.swift; path = MovieCombineClient.swift; sourceTree = "<group>"; };
		81690D2827580B5C006047A3 /* ImageCache.swift */ = {isa = PBXFileReference; lastKnownFileType = sourcecode.swift; path = ImageCache.swift; sourceTree = "<group>"; };
		81690D2A27580C9F006047A3 /* ImageLoader.swift */ = {isa = PBXFileReference; lastKnownFileType = sourcecode.swift; path = ImageLoader.swift; sourceTree = "<group>"; };
		81690D2D275811F2006047A3 /* UIImageView+Extension.swift */ = {isa = PBXFileReference; lastKnownFileType = sourcecode.swift; path = "UIImageView+Extension.swift"; sourceTree = "<group>"; };
		81811D9927558C5B008D7DFE /* SearchViewModel.swift */ = {isa = PBXFileReference; lastKnownFileType = sourcecode.swift; path = SearchViewModel.swift; sourceTree = "<group>"; };
		81811D9B27558C74008D7DFE /* HomeViewModel.swift */ = {isa = PBXFileReference; lastKnownFileType = sourcecode.swift; path = HomeViewModel.swift; sourceTree = "<group>"; };
		81811D9D27558C87008D7DFE /* DetailViewModel.swift */ = {isa = PBXFileReference; lastKnownFileType = sourcecode.swift; path = DetailViewModel.swift; sourceTree = "<group>"; };
		81811D9F2755CCD3008D7DFE /* HomeViewModelTests.swift */ = {isa = PBXFileReference; lastKnownFileType = sourcecode.swift; path = HomeViewModelTests.swift; sourceTree = "<group>"; };
		81C0A741275442A500C9AB0B /* FactoryViewController.swift */ = {isa = PBXFileReference; lastKnownFileType = sourcecode.swift; path = FactoryViewController.swift; sourceTree = "<group>"; };
		837B4EA4258178B6003DFC67 /* TheMovieDb.app */ = {isa = PBXFileReference; explicitFileType = wrapper.application; includeInIndex = 0; path = TheMovieDb.app; sourceTree = BUILT_PRODUCTS_DIR; };
		837B4EA7258178B6003DFC67 /* AppDelegate.swift */ = {isa = PBXFileReference; lastKnownFileType = sourcecode.swift; path = AppDelegate.swift; sourceTree = "<group>"; };
		837B4EA9258178B6003DFC67 /* SceneDelegate.swift */ = {isa = PBXFileReference; lastKnownFileType = sourcecode.swift; path = SceneDelegate.swift; sourceTree = "<group>"; };
		837B4EAB258178B6003DFC67 /* HomeViewController.swift */ = {isa = PBXFileReference; lastKnownFileType = sourcecode.swift; path = HomeViewController.swift; sourceTree = "<group>"; };
		837B4EAE258178B6003DFC67 /* Base */ = {isa = PBXFileReference; lastKnownFileType = file.storyboard; name = Base; path = Base.lproj/Main.storyboard; sourceTree = "<group>"; };
		837B4EB0258178B9003DFC67 /* Assets.xcassets */ = {isa = PBXFileReference; lastKnownFileType = folder.assetcatalog; path = Assets.xcassets; sourceTree = "<group>"; };
		837B4EB3258178B9003DFC67 /* Base */ = {isa = PBXFileReference; lastKnownFileType = file.storyboard; name = Base; path = Base.lproj/LaunchScreen.storyboard; sourceTree = "<group>"; };
		837B4EB5258178B9003DFC67 /* Info.plist */ = {isa = PBXFileReference; lastKnownFileType = text.plist.xml; path = Info.plist; sourceTree = "<group>"; };
		837B4EBA258178BA003DFC67 /* TheMovieDbTests.xctest */ = {isa = PBXFileReference; explicitFileType = wrapper.cfbundle; includeInIndex = 0; path = TheMovieDbTests.xctest; sourceTree = BUILT_PRODUCTS_DIR; };
		837B4EBE258178BA003DFC67 /* MockMovieClient.swift */ = {isa = PBXFileReference; lastKnownFileType = sourcecode.swift; path = MockMovieClient.swift; sourceTree = "<group>"; };
		837B4EC0258178BA003DFC67 /* Info.plist */ = {isa = PBXFileReference; lastKnownFileType = text.plist.xml; path = Info.plist; sourceTree = "<group>"; };
		837B4EC5258178BA003DFC67 /* TheMovieDbUITests.xctest */ = {isa = PBXFileReference; explicitFileType = wrapper.cfbundle; includeInIndex = 0; path = TheMovieDbUITests.xctest; sourceTree = BUILT_PRODUCTS_DIR; };
		837B4EC9258178BA003DFC67 /* TheMovieDbUITests.swift */ = {isa = PBXFileReference; lastKnownFileType = sourcecode.swift; path = TheMovieDbUITests.swift; sourceTree = "<group>"; };
		837B4ECB258178BA003DFC67 /* Info.plist */ = {isa = PBXFileReference; lastKnownFileType = text.plist.xml; path = Info.plist; sourceTree = "<group>"; };
		FA2BE1552733ABCA005F31AD /* Movie.swift */ = {isa = PBXFileReference; lastKnownFileType = sourcecode.swift; path = Movie.swift; sourceTree = "<group>"; };
		FA2BE1572733BB3F005F31AD /* MoviesList.swift */ = {isa = PBXFileReference; lastKnownFileType = sourcecode.swift; path = MoviesList.swift; sourceTree = "<group>"; };
		FA2BE1592733BC06005F31AD /* MovieClient.swift */ = {isa = PBXFileReference; lastKnownFileType = sourcecode.swift; path = MovieClient.swift; sourceTree = "<group>"; };
		FA49396F27364DA500B43884 /* CategoryCollectionViewCell.swift */ = {isa = PBXFileReference; lastKnownFileType = sourcecode.swift; path = CategoryCollectionViewCell.swift; sourceTree = "<group>"; };
		FA6983CD27459460007E3099 /* DetailViewController.swift */ = {isa = PBXFileReference; lastKnownFileType = sourcecode.swift; path = DetailViewController.swift; sourceTree = "<group>"; };
		FACDF03C2735DBE80073FF88 /* CategoryTableViewCell.swift */ = {isa = PBXFileReference; lastKnownFileType = sourcecode.swift; path = CategoryTableViewCell.swift; sourceTree = "<group>"; };
		FAE02F2D2746DD330028A07C /* DetailTableViewCell.swift */ = {isa = PBXFileReference; lastKnownFileType = sourcecode.swift; path = DetailTableViewCell.swift; sourceTree = "<group>"; };
		FAE02F31274721880028A07C /* MovieDetail.swift */ = {isa = PBXFileReference; lastKnownFileType = sourcecode.swift; path = MovieDetail.swift; sourceTree = "<group>"; };
/* End PBXFileReference section */

/* Begin PBXFrameworksBuildPhase section */
		837B4EA1258178B6003DFC67 /* Frameworks */ = {
			isa = PBXFrameworksBuildPhase;
			buildActionMask = 2147483647;
			files = (
				FA2BE15F273479F7005F31AD /* Kingfisher in Frameworks */,
				81811D97275580E7008D7DFE /* Reusable in Frameworks */,
			);
			runOnlyForDeploymentPostprocessing = 0;
		};
		837B4EB7258178BA003DFC67 /* Frameworks */ = {
			isa = PBXFrameworksBuildPhase;
			buildActionMask = 2147483647;
			files = (
			);
			runOnlyForDeploymentPostprocessing = 0;
		};
		837B4EC2258178BA003DFC67 /* Frameworks */ = {
			isa = PBXFrameworksBuildPhase;
			buildActionMask = 2147483647;
			files = (
			);
			runOnlyForDeploymentPostprocessing = 0;
		};
/* End PBXFrameworksBuildPhase section */

/* Begin PBXGroup section */
		64EB8820274EBB0600970829 /* Cell */ = {
			isa = PBXGroup;
			children = (
				FACDF03C2735DBE80073FF88 /* CategoryTableViewCell.swift */,
				FA49396F27364DA500B43884 /* CategoryCollectionViewCell.swift */,
				FAE02F2D2746DD330028A07C /* DetailTableViewCell.swift */,
				64EB881E274DFF7700970829 /* SearchResultTableViewCell.swift */,
			);
			path = Cell;
			sourceTree = "<group>";
		};
		81690CD62755EE66006047A3 /* Utils */ = {
			isa = PBXGroup;
			children = (
				81690CD72755EE83006047A3 /* Array+Extension.swift */,
				81690D2D275811F2006047A3 /* UIImageView+Extension.swift */,
			);
			path = Utils;
			sourceTree = "<group>";
		};
		81690CD92755F493006047A3 /* Files */ = {
			isa = PBXGroup;
			children = (
				81690CDA2755F4B4006047A3 /* Trending.json */,
				81690CDB2755F555006047A3 /* TopRated.json */,
				81690CDC2755F591006047A3 /* Upcoming.json */,
				81690CDD2755F5F1006047A3 /* NowPlaying.json */,
				81690CDE2755F64E006047A3 /* Popular.json */,
			);
			path = Files;
			sourceTree = "<group>";
		};
		81690D2C275811C6006047A3 /* Cache */ = {
			isa = PBXGroup;
			children = (
				81690D2827580B5C006047A3 /* ImageCache.swift */,
				81690D2A27580C9F006047A3 /* ImageLoader.swift */,
			);
			path = Cache;
			sourceTree = "<group>";
		};
		81C0A73D2754420200C9AB0B /* Search */ = {
			isa = PBXGroup;
			children = (
				644AEB1C2751C21000F9B02B /* SearchResultViewController.swift */,
				81811D9927558C5B008D7DFE /* SearchViewModel.swift */,
			);
			path = Search;
			sourceTree = "<group>";
		};
		81C0A73E2754420B00C9AB0B /* Detail */ = {
			isa = PBXGroup;
			children = (
				FA6983CD27459460007E3099 /* DetailViewController.swift */,
				81811D9D27558C87008D7DFE /* DetailViewModel.swift */,
				81690D1C2756B563006047A3 /* DetailView.swift */,
				81690D1E2756B9F3006047A3 /* SwiftUIViewHostingController.swift */,
			);
			path = Detail;
			sourceTree = "<group>";
		};
		81C0A73F2754421F00C9AB0B /* Home */ = {
			isa = PBXGroup;
			children = (
				837B4EAB258178B6003DFC67 /* HomeViewController.swift */,
				81811D9B27558C74008D7DFE /* HomeViewModel.swift */,
			);
			path = Home;
			sourceTree = "<group>";
		};
		81C0A7402754427A00C9AB0B /* Factory */ = {
			isa = PBXGroup;
			children = (
				81C0A741275442A500C9AB0B /* FactoryViewController.swift */,
			);
			path = Factory;
			sourceTree = "<group>";
		};
		837B4E9B258178B6003DFC67 = {
			isa = PBXGroup;
			children = (
				837B4EA6258178B6003DFC67 /* TheMovieDb */,
				837B4EBD258178BA003DFC67 /* TheMovieDbTests */,
				837B4EC8258178BA003DFC67 /* TheMovieDbUITests */,
				837B4EA5258178B6003DFC67 /* Products */,
			);
			sourceTree = "<group>";
		};
		837B4EA5258178B6003DFC67 /* Products */ = {
			isa = PBXGroup;
			children = (
				837B4EA4258178B6003DFC67 /* TheMovieDb.app */,
				837B4EBA258178BA003DFC67 /* TheMovieDbTests.xctest */,
				837B4EC5258178BA003DFC67 /* TheMovieDbUITests.xctest */,
			);
			name = Products;
			sourceTree = "<group>";
		};
		837B4EA6258178B6003DFC67 /* TheMovieDb */ = {
			isa = PBXGroup;
			children = (
				81690D2C275811C6006047A3 /* Cache */,
				81690CD62755EE66006047A3 /* Utils */,
				81C0A7402754427A00C9AB0B /* Factory */,
				81C0A73D2754420200C9AB0B /* Search */,
				81C0A73F2754421F00C9AB0B /* Home */,
				81C0A73E2754420B00C9AB0B /* Detail */,
				FA4939722736518400B43884 /* Network */,
				837B4EA7258178B6003DFC67 /* AppDelegate.swift */,
				837B4EA9258178B6003DFC67 /* SceneDelegate.swift */,
				FA1C857727308F2D00CBA9D2 /* Models */,
				FA1C857827308F3500CBA9D2 /* Views */,
				837B4EB0258178B9003DFC67 /* Assets.xcassets */,
				837B4EB2258178B9003DFC67 /* LaunchScreen.storyboard */,
				837B4EB5258178B9003DFC67 /* Info.plist */,
			);
			path = TheMovieDb;
			sourceTree = "<group>";
		};
		837B4EBD258178BA003DFC67 /* TheMovieDbTests */ = {
			isa = PBXGroup;
			children = (
				81690CD92755F493006047A3 /* Files */,
				837B4EBE258178BA003DFC67 /* MockMovieClient.swift */,
				837B4EC0258178BA003DFC67 /* Info.plist */,
				81811D9F2755CCD3008D7DFE /* HomeViewModelTests.swift */,
			);
			path = TheMovieDbTests;
			sourceTree = "<group>";
		};
		837B4EC8258178BA003DFC67 /* TheMovieDbUITests */ = {
			isa = PBXGroup;
			children = (
				837B4EC9258178BA003DFC67 /* TheMovieDbUITests.swift */,
				837B4ECB258178BA003DFC67 /* Info.plist */,
			);
			path = TheMovieDbUITests;
			sourceTree = "<group>";
		};
		FA1C857727308F2D00CBA9D2 /* Models */ = {
			isa = PBXGroup;
			children = (
				64EB8820274EBB0600970829 /* Cell */,
				FA2BE1552733ABCA005F31AD /* Movie.swift */,
				FA2BE1572733BB3F005F31AD /* MoviesList.swift */,
				FAE02F31274721880028A07C /* MovieDetail.swift */,
			);
			path = Models;
			sourceTree = "<group>";
		};
		FA1C857827308F3500CBA9D2 /* Views */ = {
			isa = PBXGroup;
			children = (
				837B4EAD258178B6003DFC67 /* Main.storyboard */,
			);
			path = Views;
			sourceTree = "<group>";
		};
		FA4939722736518400B43884 /* Network */ = {
			isa = PBXGroup;
			children = (
				FA2BE1592733BC06005F31AD /* MovieClient.swift */,
				81690D2627572DA2006047A3 /* MovieCombineClient.swift */,
				81690D2227572D51006047A3 /* MovieDbEndPoints.swift */,
				81690D2427572D6D006047A3 /* MovieApiProtocol.swift */,
			);
			path = Network;
			sourceTree = "<group>";
		};
/* End PBXGroup section */

/* Begin PBXNativeTarget section */
		837B4EA3258178B6003DFC67 /* TheMovieDb */ = {
			isa = PBXNativeTarget;
			buildConfigurationList = 837B4ECE258178BA003DFC67 /* Build configuration list for PBXNativeTarget "TheMovieDb" */;
			buildPhases = (
				837B4EA0258178B6003DFC67 /* Sources */,
				837B4EA1258178B6003DFC67 /* Frameworks */,
				837B4EA2258178B6003DFC67 /* Resources */,
				818F8816275173E400FB5ED7 /* ShellScript */,
			);
			buildRules = (
			);
			dependencies = (
			);
			name = TheMovieDb;
			packageProductDependencies = (
				FA2BE15E273479F7005F31AD /* Kingfisher */,
				81811D96275580E7008D7DFE /* Reusable */,
			);
			productName = TheMovieDb;
			productReference = 837B4EA4258178B6003DFC67 /* TheMovieDb.app */;
			productType = "com.apple.product-type.application";
		};
		837B4EB9258178BA003DFC67 /* TheMovieDbTests */ = {
			isa = PBXNativeTarget;
			buildConfigurationList = 837B4ED1258178BA003DFC67 /* Build configuration list for PBXNativeTarget "TheMovieDbTests" */;
			buildPhases = (
				837B4EB6258178BA003DFC67 /* Sources */,
				837B4EB7258178BA003DFC67 /* Frameworks */,
				837B4EB8258178BA003DFC67 /* Resources */,
			);
			buildRules = (
			);
			dependencies = (
				837B4EBC258178BA003DFC67 /* PBXTargetDependency */,
			);
			name = TheMovieDbTests;
			productName = TheMovieDbTests;
			productReference = 837B4EBA258178BA003DFC67 /* TheMovieDbTests.xctest */;
			productType = "com.apple.product-type.bundle.unit-test";
		};
		837B4EC4258178BA003DFC67 /* TheMovieDbUITests */ = {
			isa = PBXNativeTarget;
			buildConfigurationList = 837B4ED4258178BA003DFC67 /* Build configuration list for PBXNativeTarget "TheMovieDbUITests" */;
			buildPhases = (
				837B4EC1258178BA003DFC67 /* Sources */,
				837B4EC2258178BA003DFC67 /* Frameworks */,
				837B4EC3258178BA003DFC67 /* Resources */,
			);
			buildRules = (
			);
			dependencies = (
				837B4EC7258178BA003DFC67 /* PBXTargetDependency */,
			);
			name = TheMovieDbUITests;
			productName = TheMovieDbUITests;
			productReference = 837B4EC5258178BA003DFC67 /* TheMovieDbUITests.xctest */;
			productType = "com.apple.product-type.bundle.ui-testing";
		};
/* End PBXNativeTarget section */

/* Begin PBXProject section */
		837B4E9C258178B6003DFC67 /* Project object */ = {
			isa = PBXProject;
			attributes = {
				LastSwiftUpdateCheck = 1210;
				LastUpgradeCheck = 1210;
				TargetAttributes = {
					837B4EA3258178B6003DFC67 = {
						CreatedOnToolsVersion = 12.1;
					};
					837B4EB9258178BA003DFC67 = {
						CreatedOnToolsVersion = 12.1;
						TestTargetID = 837B4EA3258178B6003DFC67;
					};
					837B4EC4258178BA003DFC67 = {
						CreatedOnToolsVersion = 12.1;
						TestTargetID = 837B4EA3258178B6003DFC67;
					};
				};
			};
			buildConfigurationList = 837B4E9F258178B6003DFC67 /* Build configuration list for PBXProject "TheMovieDb" */;
			compatibilityVersion = "Xcode 9.3";
			developmentRegion = en;
			hasScannedForEncodings = 0;
			knownRegions = (
				en,
				Base,
			);
			mainGroup = 837B4E9B258178B6003DFC67;
			packageReferences = (
				FA2BE15D273479F7005F31AD /* XCRemoteSwiftPackageReference "Kingfisher" */,
				81811D95275580E6008D7DFE /* XCRemoteSwiftPackageReference "Reusable" */,
			);
			productRefGroup = 837B4EA5258178B6003DFC67 /* Products */;
			projectDirPath = "";
			projectRoot = "";
			targets = (
				837B4EA3258178B6003DFC67 /* TheMovieDb */,
				837B4EB9258178BA003DFC67 /* TheMovieDbTests */,
				837B4EC4258178BA003DFC67 /* TheMovieDbUITests */,
			);
		};
/* End PBXProject section */

/* Begin PBXResourcesBuildPhase section */
		837B4EA2258178B6003DFC67 /* Resources */ = {
			isa = PBXResourcesBuildPhase;
			buildActionMask = 2147483647;
			files = (
				837B4EB4258178B9003DFC67 /* LaunchScreen.storyboard in Resources */,
				837B4EB1258178B9003DFC67 /* Assets.xcassets in Resources */,
				837B4EAF258178B6003DFC67 /* Main.storyboard in Resources */,
			);
			runOnlyForDeploymentPostprocessing = 0;
		};
		837B4EB8258178BA003DFC67 /* Resources */ = {
			isa = PBXResourcesBuildPhase;
			buildActionMask = 2147483647;
			files = (
				81690CE0275602CB006047A3 /* TopRated.json in Resources */,
				81690CDF275602B3006047A3 /* Trending.json in Resources */,
				81690CE1275602CD006047A3 /* Upcoming.json in Resources */,
				81690CE2275602CF006047A3 /* NowPlaying.json in Resources */,
				81690CE3275602D1006047A3 /* Popular.json in Resources */,
			);
			runOnlyForDeploymentPostprocessing = 0;
		};
		837B4EC3258178BA003DFC67 /* Resources */ = {
			isa = PBXResourcesBuildPhase;
			buildActionMask = 2147483647;
			files = (
			);
			runOnlyForDeploymentPostprocessing = 0;
		};
/* End PBXResourcesBuildPhase section */

/* Begin PBXShellScriptBuildPhase section */
		818F8816275173E400FB5ED7 /* ShellScript */ = {
			isa = PBXShellScriptBuildPhase;
			buildActionMask = 12;
			files = (
			);
			inputFileListPaths = (
			);
			inputPaths = (
			);
			outputFileListPaths = (
			);
			outputPaths = (
			);
			runOnlyForDeploymentPostprocessing = 0;
			shellPath = /bin/sh;
			shellScript = "if which swiftlint >/dev/null; then\n  swiftlint\nelse\n  echo \"warning: SwiftLint not installed, download from https://github.com/realm/SwiftLint\"\nfi\n";
		};
/* End PBXShellScriptBuildPhase section */

/* Begin PBXSourcesBuildPhase section */
		837B4EA0258178B6003DFC67 /* Sources */ = {
			isa = PBXSourcesBuildPhase;
			buildActionMask = 2147483647;
			files = (
				81811D9E27558C87008D7DFE /* DetailViewModel.swift in Sources */,
				FA6983CE27459460007E3099 /* DetailViewController.swift in Sources */,
				81690D2E275811F2006047A3 /* UIImageView+Extension.swift in Sources */,
				837B4EAC258178B6003DFC67 /* HomeViewController.swift in Sources */,
				81690D2727572DA2006047A3 /* MovieCombineClient.swift in Sources */,
				81690CD82755EE83006047A3 /* Array+Extension.swift in Sources */,
				FAE02F32274721880028A07C /* MovieDetail.swift in Sources */,
				81811D9C27558C74008D7DFE /* HomeViewModel.swift in Sources */,
				81C0A742275442A500C9AB0B /* FactoryViewController.swift in Sources */,
				837B4EA8258178B6003DFC67 /* AppDelegate.swift in Sources */,
				FA2BE1562733ABCB005F31AD /* Movie.swift in Sources */,
				81811D9A27558C5B008D7DFE /* SearchViewModel.swift in Sources */,
				FA2BE1582733BB3F005F31AD /* MoviesList.swift in Sources */,
				FA2BE15A2733BC06005F31AD /* MovieClient.swift in Sources */,
				644AEB1D2751C21000F9B02B /* SearchResultViewController.swift in Sources */,
				FACDF03D2735DBE80073FF88 /* CategoryTableViewCell.swift in Sources */,
				837B4EAA258178B6003DFC67 /* SceneDelegate.swift in Sources */,
				64EB881F274DFF7700970829 /* SearchResultTableViewCell.swift in Sources */,
				81690D2B27580C9F006047A3 /* ImageLoader.swift in Sources */,
				81690D1D2756B564006047A3 /* DetailView.swift in Sources */,
				81690D2927580B5C006047A3 /* ImageCache.swift in Sources */,
				81690D2527572D6D006047A3 /* MovieApiProtocol.swift in Sources */,
				FAE02F2E2746DD330028A07C /* DetailTableViewCell.swift in Sources */,
				81690D2327572D51006047A3 /* MovieDbEndPoints.swift in Sources */,
				FA49397027364DA500B43884 /* CategoryCollectionViewCell.swift in Sources */,
				81690D1F2756B9F3006047A3 /* SwiftUIViewHostingController.swift in Sources */,
			);
			runOnlyForDeploymentPostprocessing = 0;
		};
		837B4EB6258178BA003DFC67 /* Sources */ = {
			isa = PBXSourcesBuildPhase;
			buildActionMask = 2147483647;
			files = (
				837B4EBF258178BA003DFC67 /* MockMovieClient.swift in Sources */,
				81811DA02755CCD3008D7DFE /* HomeViewModelTests.swift in Sources */,
			);
			runOnlyForDeploymentPostprocessing = 0;
		};
		837B4EC1258178BA003DFC67 /* Sources */ = {
			isa = PBXSourcesBuildPhase;
			buildActionMask = 2147483647;
			files = (
				837B4ECA258178BA003DFC67 /* TheMovieDbUITests.swift in Sources */,
			);
			runOnlyForDeploymentPostprocessing = 0;
		};
/* End PBXSourcesBuildPhase section */

/* Begin PBXTargetDependency section */
		837B4EBC258178BA003DFC67 /* PBXTargetDependency */ = {
			isa = PBXTargetDependency;
			target = 837B4EA3258178B6003DFC67 /* TheMovieDb */;
			targetProxy = 837B4EBB258178BA003DFC67 /* PBXContainerItemProxy */;
		};
		837B4EC7258178BA003DFC67 /* PBXTargetDependency */ = {
			isa = PBXTargetDependency;
			target = 837B4EA3258178B6003DFC67 /* TheMovieDb */;
			targetProxy = 837B4EC6258178BA003DFC67 /* PBXContainerItemProxy */;
		};
/* End PBXTargetDependency section */

/* Begin PBXVariantGroup section */
		837B4EAD258178B6003DFC67 /* Main.storyboard */ = {
			isa = PBXVariantGroup;
			children = (
				837B4EAE258178B6003DFC67 /* Base */,
			);
			name = Main.storyboard;
			sourceTree = "<group>";
		};
		837B4EB2258178B9003DFC67 /* LaunchScreen.storyboard */ = {
			isa = PBXVariantGroup;
			children = (
				837B4EB3258178B9003DFC67 /* Base */,
			);
			name = LaunchScreen.storyboard;
			sourceTree = "<group>";
		};
/* End PBXVariantGroup section */

/* Begin XCBuildConfiguration section */
		837B4ECC258178BA003DFC67 /* Debug */ = {
			isa = XCBuildConfiguration;
			buildSettings = {
				ALWAYS_SEARCH_USER_PATHS = NO;
				CLANG_ANALYZER_NONNULL = YES;
				CLANG_ANALYZER_NUMBER_OBJECT_CONVERSION = YES_AGGRESSIVE;
				CLANG_CXX_LANGUAGE_STANDARD = "gnu++14";
				CLANG_CXX_LIBRARY = "libc++";
				CLANG_ENABLE_MODULES = YES;
				CLANG_ENABLE_OBJC_ARC = YES;
				CLANG_ENABLE_OBJC_WEAK = YES;
				CLANG_WARN_BLOCK_CAPTURE_AUTORELEASING = YES;
				CLANG_WARN_BOOL_CONVERSION = YES;
				CLANG_WARN_COMMA = YES;
				CLANG_WARN_CONSTANT_CONVERSION = YES;
				CLANG_WARN_DEPRECATED_OBJC_IMPLEMENTATIONS = YES;
				CLANG_WARN_DIRECT_OBJC_ISA_USAGE = YES_ERROR;
				CLANG_WARN_DOCUMENTATION_COMMENTS = YES;
				CLANG_WARN_EMPTY_BODY = YES;
				CLANG_WARN_ENUM_CONVERSION = YES;
				CLANG_WARN_INFINITE_RECURSION = YES;
				CLANG_WARN_INT_CONVERSION = YES;
				CLANG_WARN_NON_LITERAL_NULL_CONVERSION = YES;
				CLANG_WARN_OBJC_IMPLICIT_RETAIN_SELF = YES;
				CLANG_WARN_OBJC_LITERAL_CONVERSION = YES;
				CLANG_WARN_OBJC_ROOT_CLASS = YES_ERROR;
				CLANG_WARN_QUOTED_INCLUDE_IN_FRAMEWORK_HEADER = YES;
				CLANG_WARN_RANGE_LOOP_ANALYSIS = YES;
				CLANG_WARN_STRICT_PROTOTYPES = YES;
				CLANG_WARN_SUSPICIOUS_MOVE = YES;
				CLANG_WARN_UNGUARDED_AVAILABILITY = YES_AGGRESSIVE;
				CLANG_WARN_UNREACHABLE_CODE = YES;
				CLANG_WARN__DUPLICATE_METHOD_MATCH = YES;
				COPY_PHASE_STRIP = NO;
				DEBUG_INFORMATION_FORMAT = dwarf;
				ENABLE_STRICT_OBJC_MSGSEND = YES;
				ENABLE_TESTABILITY = YES;
				GCC_C_LANGUAGE_STANDARD = gnu11;
				GCC_DYNAMIC_NO_PIC = NO;
				GCC_NO_COMMON_BLOCKS = YES;
				GCC_OPTIMIZATION_LEVEL = 0;
				GCC_PREPROCESSOR_DEFINITIONS = (
					"DEBUG=1",
					"$(inherited)",
				);
				GCC_WARN_64_TO_32_BIT_CONVERSION = YES;
				GCC_WARN_ABOUT_RETURN_TYPE = YES_ERROR;
				GCC_WARN_UNDECLARED_SELECTOR = YES;
				GCC_WARN_UNINITIALIZED_AUTOS = YES_AGGRESSIVE;
				GCC_WARN_UNUSED_FUNCTION = YES;
				GCC_WARN_UNUSED_VARIABLE = YES;
				IPHONEOS_DEPLOYMENT_TARGET = 14.1;
				MTL_ENABLE_DEBUG_INFO = INCLUDE_SOURCE;
				MTL_FAST_MATH = YES;
				ONLY_ACTIVE_ARCH = YES;
				SDKROOT = iphoneos;
				SWIFT_ACTIVE_COMPILATION_CONDITIONS = DEBUG;
				SWIFT_OPTIMIZATION_LEVEL = "-Onone";
			};
			name = Debug;
		};
		837B4ECD258178BA003DFC67 /* Release */ = {
			isa = XCBuildConfiguration;
			buildSettings = {
				ALWAYS_SEARCH_USER_PATHS = NO;
				CLANG_ANALYZER_NONNULL = YES;
				CLANG_ANALYZER_NUMBER_OBJECT_CONVERSION = YES_AGGRESSIVE;
				CLANG_CXX_LANGUAGE_STANDARD = "gnu++14";
				CLANG_CXX_LIBRARY = "libc++";
				CLANG_ENABLE_MODULES = YES;
				CLANG_ENABLE_OBJC_ARC = YES;
				CLANG_ENABLE_OBJC_WEAK = YES;
				CLANG_WARN_BLOCK_CAPTURE_AUTORELEASING = YES;
				CLANG_WARN_BOOL_CONVERSION = YES;
				CLANG_WARN_COMMA = YES;
				CLANG_WARN_CONSTANT_CONVERSION = YES;
				CLANG_WARN_DEPRECATED_OBJC_IMPLEMENTATIONS = YES;
				CLANG_WARN_DIRECT_OBJC_ISA_USAGE = YES_ERROR;
				CLANG_WARN_DOCUMENTATION_COMMENTS = YES;
				CLANG_WARN_EMPTY_BODY = YES;
				CLANG_WARN_ENUM_CONVERSION = YES;
				CLANG_WARN_INFINITE_RECURSION = YES;
				CLANG_WARN_INT_CONVERSION = YES;
				CLANG_WARN_NON_LITERAL_NULL_CONVERSION = YES;
				CLANG_WARN_OBJC_IMPLICIT_RETAIN_SELF = YES;
				CLANG_WARN_OBJC_LITERAL_CONVERSION = YES;
				CLANG_WARN_OBJC_ROOT_CLASS = YES_ERROR;
				CLANG_WARN_QUOTED_INCLUDE_IN_FRAMEWORK_HEADER = YES;
				CLANG_WARN_RANGE_LOOP_ANALYSIS = YES;
				CLANG_WARN_STRICT_PROTOTYPES = YES;
				CLANG_WARN_SUSPICIOUS_MOVE = YES;
				CLANG_WARN_UNGUARDED_AVAILABILITY = YES_AGGRESSIVE;
				CLANG_WARN_UNREACHABLE_CODE = YES;
				CLANG_WARN__DUPLICATE_METHOD_MATCH = YES;
				COPY_PHASE_STRIP = NO;
				DEBUG_INFORMATION_FORMAT = "dwarf-with-dsym";
				ENABLE_NS_ASSERTIONS = NO;
				ENABLE_STRICT_OBJC_MSGSEND = YES;
				GCC_C_LANGUAGE_STANDARD = gnu11;
				GCC_NO_COMMON_BLOCKS = YES;
				GCC_WARN_64_TO_32_BIT_CONVERSION = YES;
				GCC_WARN_ABOUT_RETURN_TYPE = YES_ERROR;
				GCC_WARN_UNDECLARED_SELECTOR = YES;
				GCC_WARN_UNINITIALIZED_AUTOS = YES_AGGRESSIVE;
				GCC_WARN_UNUSED_FUNCTION = YES;
				GCC_WARN_UNUSED_VARIABLE = YES;
				IPHONEOS_DEPLOYMENT_TARGET = 14.1;
				MTL_ENABLE_DEBUG_INFO = NO;
				MTL_FAST_MATH = YES;
				SDKROOT = iphoneos;
				SWIFT_COMPILATION_MODE = wholemodule;
				SWIFT_OPTIMIZATION_LEVEL = "-O";
				VALIDATE_PRODUCT = YES;
			};
			name = Release;
		};
		837B4ECF258178BA003DFC67 /* Debug */ = {
			isa = XCBuildConfiguration;
			buildSettings = {
				ASSETCATALOG_COMPILER_APPICON_NAME = AppIcon;
				ASSETCATALOG_COMPILER_GLOBAL_ACCENT_COLOR_NAME = AccentColor;
				ASSETCATALOG_COMPILER_INCLUDE_ALL_APPICON_ASSETS = YES;
				CODE_SIGN_STYLE = Automatic;
				INFOPLIST_FILE = TheMovieDb/Info.plist;
				LD_RUNPATH_SEARCH_PATHS = (
					"$(inherited)",
					"@executable_path/Frameworks",
				);
				PRODUCT_BUNDLE_IDENTIFIER = com.apprenticeship.wizeline.TheMovieDb;
				PRODUCT_NAME = "$(TARGET_NAME)";
				SDKROOT = iphoneos;
				SWIFT_VERSION = 5.0;
				TARGETED_DEVICE_FAMILY = "1,2";
			};
			name = Debug;
		};
		837B4ED0258178BA003DFC67 /* Release */ = {
			isa = XCBuildConfiguration;
			buildSettings = {
				ASSETCATALOG_COMPILER_APPICON_NAME = AppIcon;
				ASSETCATALOG_COMPILER_GLOBAL_ACCENT_COLOR_NAME = AccentColor;
				ASSETCATALOG_COMPILER_INCLUDE_ALL_APPICON_ASSETS = YES;
				CODE_SIGN_STYLE = Automatic;
				INFOPLIST_FILE = TheMovieDb/Info.plist;
				LD_RUNPATH_SEARCH_PATHS = (
					"$(inherited)",
					"@executable_path/Frameworks",
				);
				PRODUCT_BUNDLE_IDENTIFIER = com.apprenticeship.wizeline.TheMovieDb;
				PRODUCT_NAME = "$(TARGET_NAME)";
				SDKROOT = iphoneos;
				SWIFT_VERSION = 5.0;
				TARGETED_DEVICE_FAMILY = "1,2";
			};
			name = Release;
		};
		837B4ED2258178BA003DFC67 /* Debug */ = {
			isa = XCBuildConfiguration;
			buildSettings = {
				ALWAYS_EMBED_SWIFT_STANDARD_LIBRARIES = YES;
				BUNDLE_LOADER = "$(TEST_HOST)";
				CODE_SIGN_STYLE = Automatic;
				INFOPLIST_FILE = TheMovieDbTests/Info.plist;
				IPHONEOS_DEPLOYMENT_TARGET = 14.1;
				LD_RUNPATH_SEARCH_PATHS = (
					"$(inherited)",
					"@executable_path/Frameworks",
					"@loader_path/Frameworks",
				);
				PRODUCT_BUNDLE_IDENTIFIER = com.apprenticeship.wizeline.TheMovieDbTests;
				PRODUCT_NAME = "$(TARGET_NAME)";
				SWIFT_VERSION = 5.0;
				TARGETED_DEVICE_FAMILY = "1,2";
				TEST_HOST = "$(BUILT_PRODUCTS_DIR)/TheMovieDb.app/TheMovieDb";
			};
			name = Debug;
		};
		837B4ED3258178BA003DFC67 /* Release */ = {
			isa = XCBuildConfiguration;
			buildSettings = {
				ALWAYS_EMBED_SWIFT_STANDARD_LIBRARIES = YES;
				BUNDLE_LOADER = "$(TEST_HOST)";
				CODE_SIGN_STYLE = Automatic;
				INFOPLIST_FILE = TheMovieDbTests/Info.plist;
				IPHONEOS_DEPLOYMENT_TARGET = 14.1;
				LD_RUNPATH_SEARCH_PATHS = (
					"$(inherited)",
					"@executable_path/Frameworks",
					"@loader_path/Frameworks",
				);
				PRODUCT_BUNDLE_IDENTIFIER = com.apprenticeship.wizeline.TheMovieDbTests;
				PRODUCT_NAME = "$(TARGET_NAME)";
				SWIFT_VERSION = 5.0;
				TARGETED_DEVICE_FAMILY = "1,2";
				TEST_HOST = "$(BUILT_PRODUCTS_DIR)/TheMovieDb.app/TheMovieDb";
			};
			name = Release;
		};
		837B4ED5258178BA003DFC67 /* Debug */ = {
			isa = XCBuildConfiguration;
			buildSettings = {
				ALWAYS_EMBED_SWIFT_STANDARD_LIBRARIES = YES;
				CODE_SIGN_STYLE = Automatic;
				INFOPLIST_FILE = TheMovieDbUITests/Info.plist;
				LD_RUNPATH_SEARCH_PATHS = (
					"$(inherited)",
					"@executable_path/Frameworks",
					"@loader_path/Frameworks",
				);
				PRODUCT_BUNDLE_IDENTIFIER = com.apprenticeship.wizeline.TheMovieDbUITests;
				PRODUCT_NAME = "$(TARGET_NAME)";
				SWIFT_VERSION = 5.0;
				TARGETED_DEVICE_FAMILY = "1,2";
				TEST_TARGET_NAME = TheMovieDb;
			};
			name = Debug;
		};
		837B4ED6258178BA003DFC67 /* Release */ = {
			isa = XCBuildConfiguration;
			buildSettings = {
				ALWAYS_EMBED_SWIFT_STANDARD_LIBRARIES = YES;
				CODE_SIGN_STYLE = Automatic;
				INFOPLIST_FILE = TheMovieDbUITests/Info.plist;
				LD_RUNPATH_SEARCH_PATHS = (
					"$(inherited)",
					"@executable_path/Frameworks",
					"@loader_path/Frameworks",
				);
				PRODUCT_BUNDLE_IDENTIFIER = com.apprenticeship.wizeline.TheMovieDbUITests;
				PRODUCT_NAME = "$(TARGET_NAME)";
				SWIFT_VERSION = 5.0;
				TARGETED_DEVICE_FAMILY = "1,2";
				TEST_TARGET_NAME = TheMovieDb;
			};
			name = Release;
		};
/* End XCBuildConfiguration section */

/* Begin XCConfigurationList section */
		837B4E9F258178B6003DFC67 /* Build configuration list for PBXProject "TheMovieDb" */ = {
			isa = XCConfigurationList;
			buildConfigurations = (
				837B4ECC258178BA003DFC67 /* Debug */,
				837B4ECD258178BA003DFC67 /* Release */,
			);
			defaultConfigurationIsVisible = 0;
			defaultConfigurationName = Release;
		};
		837B4ECE258178BA003DFC67 /* Build configuration list for PBXNativeTarget "TheMovieDb" */ = {
			isa = XCConfigurationList;
			buildConfigurations = (
				837B4ECF258178BA003DFC67 /* Debug */,
				837B4ED0258178BA003DFC67 /* Release */,
			);
			defaultConfigurationIsVisible = 0;
			defaultConfigurationName = Release;
		};
		837B4ED1258178BA003DFC67 /* Build configuration list for PBXNativeTarget "TheMovieDbTests" */ = {
			isa = XCConfigurationList;
			buildConfigurations = (
				837B4ED2258178BA003DFC67 /* Debug */,
				837B4ED3258178BA003DFC67 /* Release */,
			);
			defaultConfigurationIsVisible = 0;
			defaultConfigurationName = Release;
		};
		837B4ED4258178BA003DFC67 /* Build configuration list for PBXNativeTarget "TheMovieDbUITests" */ = {
			isa = XCConfigurationList;
			buildConfigurations = (
				837B4ED5258178BA003DFC67 /* Debug */,
				837B4ED6258178BA003DFC67 /* Release */,
			);
			defaultConfigurationIsVisible = 0;
			defaultConfigurationName = Release;
		};
/* End XCConfigurationList section */

/* Begin XCRemoteSwiftPackageReference section */
		81811D95275580E6008D7DFE /* XCRemoteSwiftPackageReference "Reusable" */ = {
			isa = XCRemoteSwiftPackageReference;
			repositoryURL = "https://github.com/AliSoftware/Reusable.git";
			requirement = {
				branch = main;
				kind = branch;
			};
		};
		FA2BE15D273479F7005F31AD /* XCRemoteSwiftPackageReference "Kingfisher" */ = {
			isa = XCRemoteSwiftPackageReference;
			repositoryURL = "https://github.com/onevcat/Kingfisher.git";
			requirement = {
				kind = upToNextMajorVersion;
				minimumVersion = 7.0.0;
			};
		};
/* End XCRemoteSwiftPackageReference section */

/* Begin XCSwiftPackageProductDependency section */
		81811D96275580E7008D7DFE /* Reusable */ = {
			isa = XCSwiftPackageProductDependency;
			package = 81811D95275580E6008D7DFE /* XCRemoteSwiftPackageReference "Reusable" */;
			productName = Reusable;
		};
		FA2BE15E273479F7005F31AD /* Kingfisher */ = {
			isa = XCSwiftPackageProductDependency;
			package = FA2BE15D273479F7005F31AD /* XCRemoteSwiftPackageReference "Kingfisher" */;
			productName = Kingfisher;
		};
/* End XCSwiftPackageProductDependency section */
	};
	rootObject = 837B4E9C258178B6003DFC67 /* Project object */;
}
